
Microsoft Visual Studio Solution File, Format Version 11.00
# Visual Studio 2010
Project("{FAE04EC0-301F-11D3-BF4B-00C04F79EFBC}") = "GGJ-2014", "GGJ-2014\GGJ-2014\GGJ-2014.csproj", "{892BB5A7-CADC-4E2E-A65D-6E291272C941}"
EndProject
Project("{96E2B04D-8817-42C6-938A-82C39BA4D311}") = "GGJ-2014Content", "GGJ-2014\GGJ-2014Content\GGJ-2014Content.contentproj", "{EB9ADBA1-C06B-4DDD-A489-2B63F6FF6500}"
EndProject
Global
	GlobalSection(SolutionConfigurationPlatforms) = preSolution
		Debug|x86 = Debug|x86
		Release|x86 = Release|x86
	EndGlobalSection
	GlobalSection(ProjectConfigurationPlatforms) = postSolution
		{892BB5A7-CADC-4E2E-A65D-6E291272C941}.Debug|x86.ActiveCfg = Debug|x86
		{892BB5A7-CADC-4E2E-A65D-6E291272C941}.Debug|x86.Build.0 = Debug|x86
		{892BB5A7-CADC-4E2E-A65D-6E291272C941}.Release|x86.ActiveCfg = Release|x86
		{892BB5A7-CADC-4E2E-A65D-6E291272C941}.Release|x86.Build.0 = Release|x86
		{EB9ADBA1-C06B-4DDD-A489-2B63F6FF6500}.Debug|x86.ActiveCfg = Debug|x86
		{EB9ADBA1-C06B-4DDD-A489-2B63F6FF6500}.Release|x86.ActiveCfg = Release|x86
	EndGlobalSection
	GlobalSection(SolutionProperties) = preSolution
		HideSolutionNode = FALSE
	EndGlobalSection
EndGlobal
